
Microsoft Visual Studio Solution File, Format Version 12.00
# Visual Studio Version 17
VisualStudioVersion = 17.14.36429.23
MinimumVisualStudioVersion = 10.0.40219.1
Project("{FAE04EC0-301F-11D3-BF4B-00C04F79EFBC}") = "Search", "WpfApp1\Search.csproj", "{85388A1D-21AD-4BE2-B7B8-44D60A979DF5}"
EndProject
Global
	GlobalSection(SolutionConfigurationPlatforms) = preSolution
		Debug|Any CPU = Debug|Any CPU
		Release|Any CPU = Release|Any CPU
	EndGlobalSection
	GlobalSection(ProjectConfigurationPlatforms) = postSolution
		{85388A1D-21AD-4BE2-B7B8-44D60A979DF5}.Debug|Any CPU.ActiveCfg = Debug|Any CPU
		{85388A1D-21AD-4BE2-B7B8-44D60A979DF5}.Debug|Any CPU.Build.0 = Debug|Any CPU
		{85388A1D-21AD-4BE2-B7B8-44D60A979DF5}.Release|Any CPU.ActiveCfg = Release|Any CPU
		{85388A1D-21AD-4BE2-B7B8-44D60A979DF5}.Release|Any CPU.Build.0 = Release|Any CPU
	EndGlobalSection
	GlobalSection(SolutionProperties) = preSolution
		HideSolutionNode = FALSE
	EndGlobalSection
	GlobalSection(ExtensibilityGlobals) = postSolution
		SolutionGuid = {9B1050A7-4ABA-4463-A666-112CAA263BCB}
	EndGlobalSection
EndGlobal
